
Microsoft Visual Studio Solution File, Format Version 12.00
# Visual Studio Version 16
VisualStudioVersion = 16.0.31515.178
MinimumVisualStudioVersion = 10.0.40219.1
Project("{9A19103F-16F7-4668-BE54-9A1E7A4F7556}") = "SuperMarketAPI", "SuperMarketAPI.csproj", "{BB62A0B2-E098-4033-B0B8-E5AAFDD63533}"
EndProject
Global
	GlobalSection(SolutionConfigurationPlatforms) = preSolution
		Debug|Any CPU = Debug|Any CPU
		Release|Any CPU = Release|Any CPU
	EndGlobalSection
	GlobalSection(ProjectConfigurationPlatforms) = postSolution
		{BB62A0B2-E098-4033-B0B8-E5AAFDD63533}.Debug|Any CPU.ActiveCfg = Debug|Any CPU
		{BB62A0B2-E098-4033-B0B8-E5AAFDD63533}.Debug|Any CPU.Build.0 = Debug|Any CPU
		{BB62A0B2-E098-4033-B0B8-E5AAFDD63533}.Release|Any CPU.ActiveCfg = Release|Any CPU
		{BB62A0B2-E098-4033-B0B8-E5AAFDD63533}.Release|Any CPU.Build.0 = Release|Any CPU
	EndGlobalSection
	GlobalSection(SolutionProperties) = preSolution
		HideSolutionNode = FALSE
	EndGlobalSection
	GlobalSection(ExtensibilityGlobals) = postSolution
		SolutionGuid = {666F5E64-9714-4C4A-B0E8-66E0A03BAB3A}
	EndGlobalSection
EndGlobal
